# This file is generated by running "yarn install" inside your project.
# Manual changes might be lost - proceed with caution!

__metadata:
  version: 5
  cacheKey: 8

"@choojs/findup@npm:^0.2.0":
  version: 0.2.1
  resolution: "@choojs/findup@npm:0.2.1"
  dependencies:
    commander: ^2.15.1
  bin:
    findup: bin/findup.js
  checksum: 9496321caa276f2a560ebae0e7607ba009012e8eff16db68fb405561ec482606edecf1c5ce1956805d77721c2db34c4bd9e2e95a2be2eec1c5ae8bb289ed5fd2
  languageName: node
  linkType: hard

"acorn@npm:^7.1.1":
  version: 7.4.1
  resolution: "acorn@npm:7.4.1"
  bin:
    acorn: bin/acorn
  checksum: 1860f23c2107c910c6177b7b7be71be350db9e1080d814493fae143ae37605189504152d1ba8743ba3178d0b37269ce1ffc42b101547fdc1827078f82671e407
  languageName: node
  linkType: hard

"bl@npm:^2.2.1":
  version: 2.2.1
  resolution: "bl@npm:2.2.1"
  dependencies:
    readable-stream: ^2.3.5
    safe-buffer: ^5.1.1
  checksum: 4f5d9b258919646a8d02f1731379e53b6f6309e34596ae02afbc3aeb183910bd2d0b70681f889b7c620ca48f65dc1cd0992ee1266c90d6d7c3be60688d141233
  languageName: node
  linkType: hard

"buffer-from@npm:^1.0.0":
  version: 1.1.1
  resolution: "buffer-from@npm:1.1.1"
  checksum: ccc53b69736008bff764497367c4d24879ba7122bc619ee499ff47eef3a5b885ca496e87272e7ebffa0bec3804c83f84041c616f6e3318f40624e27c1d80f045
  languageName: node
  linkType: hard

"commander@npm:^2.15.1":
  version: 2.20.3
  resolution: "commander@npm:2.20.3"
  checksum: ab8c07884e42c3a8dbc5dd9592c606176c7eb5c1ca5ff274bcf907039b2c41de3626f684ea75ccf4d361ba004bbaff1f577d5384c155f3871e456bdf27becf9e
  languageName: node
  linkType: hard

"concat-stream@npm:^1.5.2":
  version: 1.6.2
  resolution: "concat-stream@npm:1.6.2"
  dependencies:
    buffer-from: ^1.0.0
    inherits: ^2.0.3
    readable-stream: ^2.2.2
    typedarray: ^0.0.6
  checksum: 1ef77032cb4459dcd5187bd710d6fc962b067b64ec6a505810de3d2b8cc0605638551b42f8ec91edf6fcd26141b32ef19ad749239b58fae3aba99187adc32285
  languageName: node
  linkType: hard

"core-util-is@npm:~1.0.0":
  version: 1.0.2
  resolution: "core-util-is@npm:1.0.2"
  checksum: 7a4c925b497a2c91421e25bf76d6d8190f0b2359a9200dbeed136e63b2931d6294d3b1893eda378883ed363cd950f44a12a401384c609839ea616befb7927dab
  languageName: node
  linkType: hard

"deep-is@npm:~0.1.3":
  version: 0.1.3
  resolution: "deep-is@npm:0.1.3"
  checksum: c15b04c3848a89880c94e25b077c19b47d9a30dd99048e70e5f95d943e7b246bee1da0c1376b56b01bc045be2cae7d9b1c856e68e47e9805634327de7c6cb6d5
  languageName: node
  linkType: hard

"duplexify@npm:^3.4.5":
  version: 3.7.1
  resolution: "duplexify@npm:3.7.1"
  dependencies:
    end-of-stream: ^1.0.0
    inherits: ^2.0.1
    readable-stream: ^2.0.0
    stream-shift: ^1.0.0
  checksum: 3c2ed2223d956a5da713dae12ba8295acb61d9acd966ccbba938090d04f4574ca4dca75cca089b5077c2d7e66101f32e6ea9b36a78ca213eff574e7a8b8accf2
  languageName: node
  linkType: hard

"end-of-stream@npm:^1.0.0":
  version: 1.4.4
  resolution: "end-of-stream@npm:1.4.4"
  dependencies:
    once: ^1.4.0
  checksum: 530a5a5a1e517e962854a31693dbb5c0b2fc40b46dad2a56a2deec656ca040631124f4795823acc68238147805f8b021abbe221f4afed5ef3c8e8efc2024908b
  languageName: node
  linkType: hard

"esbuild-plugin-glslify@workspace:.":
  version: 0.0.0-use.local
  resolution: "esbuild-plugin-glslify@workspace:."
  dependencies:
    glslify: ^7.1.1
  peerDependencies:
    esbuild: "*"
  languageName: unknown
  linkType: soft

"escodegen@npm:^1.11.1":
  version: 1.14.3
  resolution: "escodegen@npm:1.14.3"
  dependencies:
    esprima: ^4.0.1
    estraverse: ^4.2.0
    esutils: ^2.0.2
    optionator: ^0.8.1
    source-map: ~0.6.1
  dependenciesMeta:
    source-map:
      optional: true
  bin:
    escodegen: bin/escodegen.js
    esgenerate: bin/esgenerate.js
  checksum: 381cdc4767ecdb221206bbbab021b467bbc2a6f5c9a99c9e6353040080bdd3dfe73d7604ad89a47aca6ea7d58bc635f6bd3fbc8da9a1998e9ddfa8372362ccd0
  languageName: node
  linkType: hard

"esprima@npm:^4.0.1":
  version: 4.0.1
  resolution: "esprima@npm:4.0.1"
  bin:
    esparse: ./bin/esparse.js
    esvalidate: ./bin/esvalidate.js
  checksum: b45bc805a613dbea2835278c306b91aff6173c8d034223fa81498c77dcbce3b2931bf6006db816f62eacd9fd4ea975dfd85a5b7f3c6402cfd050d4ca3c13a628
  languageName: node
  linkType: hard

"estraverse@npm:^4.2.0":
  version: 4.3.0
  resolution: "estraverse@npm:4.3.0"
  checksum: a6299491f9940bb246124a8d44b7b7a413a8336f5436f9837aaa9330209bd9ee8af7e91a654a3545aee9c54b3308e78ee360cef1d777d37cfef77d2fa33b5827
  languageName: node
  linkType: hard

"esutils@npm:^2.0.2":
  version: 2.0.3
  resolution: "esutils@npm:2.0.3"
  checksum: 22b5b08f74737379a840b8ed2036a5fb35826c709ab000683b092d9054e5c2a82c27818f12604bfc2a9a76b90b6834ef081edbc1c7ae30d1627012e067c6ec87
  languageName: node
  linkType: hard

"events@npm:^3.2.0":
  version: 3.2.0
  resolution: "events@npm:3.2.0"
  checksum: 974178db37de546d2d8eff37ac662c2a9e046fc4f509ae0894cfaaf437381bc030081057d19b45a1bc32f1445d5a85221053fc1fb6858d08deeb01b1a6e259c3
  languageName: node
  linkType: hard

"falafel@npm:^2.1.0":
  version: 2.2.4
  resolution: "falafel@npm:2.2.4"
  dependencies:
    acorn: ^7.1.1
    foreach: ^2.0.5
    isarray: ^2.0.1
    object-keys: ^1.0.6
  checksum: 3089e0bac6effa1de87a024891737aee18cfc8b44af01e35d2136dd74b6378d1492e1eb163226f658f86a50d92e1df0ace5c48d4958626b1f82075cbfd4ea130
  languageName: node
  linkType: hard

"fast-levenshtein@npm:~2.0.6":
  version: 2.0.6
  resolution: "fast-levenshtein@npm:2.0.6"
  checksum: 92cfec0a8dfafd9c7a15fba8f2cc29cd0b62b85f056d99ce448bbcd9f708e18ab2764bda4dd5158364f4145a7c72788538994f0d1787b956ef0d1062b0f7c24c
  languageName: node
  linkType: hard

"foreach@npm:^2.0.5":
  version: 2.0.5
  resolution: "foreach@npm:2.0.5"
  checksum: dab4fbfef0b40b69ee5eab81bcb9626b8fa8b3469c8cfa26480f3e5e1ee08c40eae07048c9a967c65aeda26e774511ccc70b3f10a604c01753c6ef24361f0fc8
  languageName: node
  linkType: hard

"from2@npm:^2.3.0":
  version: 2.3.0
  resolution: "from2@npm:2.3.0"
  dependencies:
    inherits: ^2.0.1
    readable-stream: ^2.0.0
  checksum: 6080eba0793dce32f475141fb3d54cc15f84ee52e420ee22ac3ab0ad639dc95a1875bc6eb9c0e1140e94972a36a89dc5542491b85f1ab8df0c126241e0f1a61b
  languageName: node
  linkType: hard

"function-bind@npm:^1.1.1":
  version: 1.1.1
  resolution: "function-bind@npm:1.1.1"
  checksum: b32fbaebb3f8ec4969f033073b43f5c8befbb58f1a79e12f1d7490358150359ebd92f49e72ff0144f65f2c48ea2a605bff2d07965f548f6474fd8efd95bf361a
  languageName: node
  linkType: hard

"glsl-inject-defines@npm:^1.0.1":
  version: 1.0.3
  resolution: "glsl-inject-defines@npm:1.0.3"
  dependencies:
    glsl-token-inject-block: ^1.0.0
    glsl-token-string: ^1.0.1
    glsl-tokenizer: ^2.0.2
  checksum: 91d707cc4cdc924ec1ea13bcc332357c41754542e3c3d8d95f2331569c339a9cfab37c343e253fea10e56d5a70f930b9027b62431c5c786e34e7d8f785456836
  languageName: node
  linkType: hard

"glsl-resolve@npm:0.0.1":
  version: 0.0.1
  resolution: "glsl-resolve@npm:0.0.1"
  dependencies:
    resolve: ^0.6.1
    xtend: ^2.1.2
  checksum: 8bc83f4c56c06d771761c32042fff8fed60f4bcc320d5fc3ec86cf115eb3c0bb5bacf3ca5f80cb88133399734d02c65788845bca9eb90244e08c41e98ddb0275
  languageName: node
  linkType: hard

"glsl-token-assignments@npm:^2.0.0":
  version: 2.0.2
  resolution: "glsl-token-assignments@npm:2.0.2"
  checksum: efd6051cfd0e5dc4749cc05530e79c42b2396685345695d1232ab3904011e65f117110a2ef7e92a06bc687abf6182f4e90b6b51cc4ab20147aafcc57f724ecb5
  languageName: node
  linkType: hard

"glsl-token-defines@npm:^1.0.0":
  version: 1.0.0
  resolution: "glsl-token-defines@npm:1.0.0"
  dependencies:
    glsl-tokenizer: ^2.0.0
  checksum: 79c3738e4c858c1eb400a7d288a372cf275b6aacee4eed2a89f1c4269a9849d3210bbc770123af408bf0a9d8bf909e558154a27f4c976cee287ea9a4bf9b0047
  languageName: node
  linkType: hard

"glsl-token-depth@npm:^1.1.0, glsl-token-depth@npm:^1.1.1":
  version: 1.1.2
  resolution: "glsl-token-depth@npm:1.1.2"
  checksum: 97fff701eef20c2ef4552885f060dbf05b307f59b9f1637ddd73c3d5e7d3cc5b4851123706be9f2590042566132f5175ae86a82576bdcfa1edd4625c58d6843c
  languageName: node
  linkType: hard

"glsl-token-descope@npm:^1.0.2":
  version: 1.0.2
  resolution: "glsl-token-descope@npm:1.0.2"
  dependencies:
    glsl-token-assignments: ^2.0.0
    glsl-token-depth: ^1.1.0
    glsl-token-properties: ^1.0.0
    glsl-token-scope: ^1.1.0
  checksum: a0d578d5e71178cd5679504a94a60e0811980f46fe6b3cb018bb165530faa75ffcb61b62a1984052223cf2455e36c08f9aa72cf3fdce419aac5d8844ec84cf5a
  languageName: node
  linkType: hard

"glsl-token-inject-block@npm:^1.0.0":
  version: 1.1.0
  resolution: "glsl-token-inject-block@npm:1.1.0"
  checksum: a08aca0f0684ee00eb9beb44993ab59d6d6330947d282204fe114c09a34fe9b9719f035eda0ed317a5409e5d4118674955c225034bb28c5d8334bcc3f905d7dc
  languageName: node
  linkType: hard

"glsl-token-properties@npm:^1.0.0":
  version: 1.0.1
  resolution: "glsl-token-properties@npm:1.0.1"
  checksum: 9b4d1caf02d52f6407479bcd3e780133d6952ba6ae0d85ccd4f3de9ead061a173da0820b0238a0e721ae75370b645152d468bc24eb6f1fd37b5000c500d97cd4
  languageName: node
  linkType: hard

"glsl-token-scope@npm:^1.1.0, glsl-token-scope@npm:^1.1.1":
  version: 1.1.2
  resolution: "glsl-token-scope@npm:1.1.2"
  checksum: d62812c81a399d7bdd001ce4414293e508dbd78d480b1984190c8d3243c14817c34109893a71503a50ef09de28e4b0c0124be1979292aba5df3f0207eace1b70
  languageName: node
  linkType: hard

"glsl-token-string@npm:^1.0.1":
  version: 1.0.1
  resolution: "glsl-token-string@npm:1.0.1"
  checksum: 3260c1486b620277396ecb92b13434764eddcd59330ffb7a25d0e5fc2750fbd4330899e2acb5ab36408ea7451f3e103418ca0430b4c6a225a7e5f318b5028fda
  languageName: node
  linkType: hard

"glsl-token-whitespace-trim@npm:^1.0.0":
  version: 1.0.0
  resolution: "glsl-token-whitespace-trim@npm:1.0.0"
  checksum: ffb0d09118a18fa807a249414762e93835d303f476feae8bbb80320ec850a5aa24fa2760245b374312310ebb0ef099da9a9190ff5b587be45566d2aee1503777
  languageName: node
  linkType: hard

"glsl-tokenizer@npm:^2.0.0, glsl-tokenizer@npm:^2.0.2":
  version: 2.1.5
  resolution: "glsl-tokenizer@npm:2.1.5"
  dependencies:
    through2: ^0.6.3
  checksum: daf70e91c66a3143fe0b22be18a0f8cc965d7b81f73a58b14d55d08593bdcc3f996996549bda78b4cc822d7fe8c216aaeaab71f2695d802fb79fc9e89fb507d3
  languageName: node
  linkType: hard

"glslify-bundle@npm:^5.0.0":
  version: 5.1.1
  resolution: "glslify-bundle@npm:5.1.1"
  dependencies:
    glsl-inject-defines: ^1.0.1
    glsl-token-defines: ^1.0.0
    glsl-token-depth: ^1.1.1
    glsl-token-descope: ^1.0.2
    glsl-token-scope: ^1.1.1
    glsl-token-string: ^1.0.1
    glsl-token-whitespace-trim: ^1.0.0
    glsl-tokenizer: ^2.0.2
    murmurhash-js: ^1.0.0
    shallow-copy: 0.0.1
  checksum: e3a5e438dd0ffbdaa72adad23b4eae80258f3f903b3fde3d7022d2f662df1bbb76ce479c2c030ed4aebeb899965e7e3bb7db83748963e0643bbbded3bacdebff
  languageName: node
  linkType: hard

"glslify-deps@npm:^1.2.5":
  version: 1.3.2
  resolution: "glslify-deps@npm:1.3.2"
  dependencies:
    "@choojs/findup": ^0.2.0
    events: ^3.2.0
    glsl-resolve: 0.0.1
    glsl-tokenizer: ^2.0.0
    graceful-fs: ^4.1.2
    inherits: ^2.0.1
    map-limit: 0.0.1
    resolve: ^1.0.0
  checksum: 3eb50a26171f66d02582cfa90a9ac7c964ff970d44cd48025af2015fe465be1632cfc7fcec05f5aa4210571ec936c4a26de0e100d9c4d0c2ab655362290a616c
  languageName: node
  linkType: hard

"glslify@npm:^7.1.1":
  version: 7.1.1
  resolution: "glslify@npm:7.1.1"
  dependencies:
    bl: ^2.2.1
    concat-stream: ^1.5.2
    duplexify: ^3.4.5
    falafel: ^2.1.0
    from2: ^2.3.0
    glsl-resolve: 0.0.1
    glsl-token-whitespace-trim: ^1.0.0
    glslify-bundle: ^5.0.0
    glslify-deps: ^1.2.5
    minimist: ^1.2.5
    resolve: ^1.1.5
    stack-trace: 0.0.9
    static-eval: ^2.0.5
    through2: ^2.0.1
    xtend: ^4.0.0
  bin:
    glslify: bin.js
  checksum: 2bb59c0480041ca73dcb6e0c6f56d3f063e546c87901f82582a914864ebf836145289316bddb507874bf9405113a3efb3efbeacc0e888337d7d268ef1823ca7b
  languageName: node
  linkType: hard

"graceful-fs@npm:^4.1.2":
  version: 4.2.6
  resolution: "graceful-fs@npm:4.2.6"
  checksum: 792e64aafda05a151289f83eaa16aff34ef259658cefd65393883d959409f5a2389b0ec9ebf28f3d21f1b0ddc8f594a1162ae9b18e2b507a6799a70706ec573d
  languageName: node
  linkType: hard

"has@npm:^1.0.3":
  version: 1.0.3
  resolution: "has@npm:1.0.3"
  dependencies:
    function-bind: ^1.1.1
  checksum: b9ad53d53be4af90ce5d1c38331e712522417d017d5ef1ebd0507e07c2fbad8686fffb8e12ddecd4c39ca9b9b47431afbb975b8abf7f3c3b82c98e9aad052792
  languageName: node
  linkType: hard

"inherits@npm:^2.0.1, inherits@npm:^2.0.3, inherits@npm:~2.0.1, inherits@npm:~2.0.3":
  version: 2.0.4
  resolution: "inherits@npm:2.0.4"
  checksum: 4a48a733847879d6cf6691860a6b1e3f0f4754176e4d71494c41f3475553768b10f84b5ce1d40fbd0e34e6bfbb864ee35858ad4dd2cf31e02fc4a154b724d7f1
  languageName: node
  linkType: hard

"is-core-module@npm:^2.2.0":
  version: 2.2.0
  resolution: "is-core-module@npm:2.2.0"
  dependencies:
    has: ^1.0.3
  checksum: 61e2aff4a7db4f8f7d5a97b484808af17290f4197b34a797cd3d3d27b6b448951064f8d3d6ceae4394fa9b7e6cf08aacd2ba7a17ef6352e922fe803580fbde56
  languageName: node
  linkType: hard

"isarray@npm:0.0.1":
  version: 0.0.1
  resolution: "isarray@npm:0.0.1"
  checksum: 49191f1425681df4a18c2f0f93db3adb85573bcdd6a4482539d98eac9e705d8961317b01175627e860516a2fc45f8f9302db26e5a380a97a520e272e2a40a8d4
  languageName: node
  linkType: hard

"isarray@npm:^2.0.1":
  version: 2.0.5
  resolution: "isarray@npm:2.0.5"
  checksum: bd5bbe4104438c4196ba58a54650116007fa0262eccef13a4c55b2e09a5b36b59f1e75b9fcc49883dd9d4953892e6fc007eef9e9155648ceea036e184b0f930a
  languageName: node
  linkType: hard

"isarray@npm:~1.0.0":
  version: 1.0.0
  resolution: "isarray@npm:1.0.0"
  checksum: f032df8e02dce8ec565cf2eb605ea939bdccea528dbcf565cdf92bfa2da9110461159d86a537388ef1acef8815a330642d7885b29010e8f7eac967c9993b65ab
  languageName: node
  linkType: hard

"levn@npm:~0.3.0":
  version: 0.3.0
  resolution: "levn@npm:0.3.0"
  dependencies:
    prelude-ls: ~1.1.2
    type-check: ~0.3.2
  checksum: 0d084a524231a8246bb10fec48cdbb35282099f6954838604f3c7fc66f2e16fa66fd9cc2f3f20a541a113c4dafdf181e822c887c8a319c9195444e6c64ac395e
  languageName: node
  linkType: hard

"map-limit@npm:0.0.1":
  version: 0.0.1
  resolution: "map-limit@npm:0.0.1"
  dependencies:
    once: ~1.3.0
  checksum: e7ad9a66037d4168f2e3dbd20654cb0503126911e0e43c8fe95ae1a3ea54b72e84f94f8577a13598708a29a096cc6ecf136622ea6a5d393c227f84f6f1445b83
  languageName: node
  linkType: hard

"minimist@npm:^1.2.5":
  version: 1.2.5
  resolution: "minimist@npm:1.2.5"
  checksum: 86706ce5b36c16bfc35c5fe3dbb01d5acdc9a22f2b6cc810b6680656a1d2c0e44a0159c9a3ba51fb072bb5c203e49e10b51dcd0eec39c481f4c42086719bae52
  languageName: node
  linkType: hard

"murmurhash-js@npm:^1.0.0":
  version: 1.0.0
  resolution: "murmurhash-js@npm:1.0.0"
  checksum: 083cea92a11bc9eb25be1446fc92eded3f49731bc1ad34fa8023afd68c234d1dd59458d70eb20e667b1383bedeeb8dfb1a16c89913b6ffe3584fd22fb598739d
  languageName: node
  linkType: hard

"object-keys@npm:^1.0.6":
  version: 1.1.1
  resolution: "object-keys@npm:1.1.1"
  checksum: b363c5e7644b1e1b04aa507e88dcb8e3a2f52b6ffd0ea801e4c7a62d5aa559affe21c55a07fd4b1fd55fc03a33c610d73426664b20032405d7b92a1414c34d6a
  languageName: node
  linkType: hard

"once@npm:^1.4.0":
  version: 1.4.0
  resolution: "once@npm:1.4.0"
  dependencies:
    wrappy: 1
  checksum: cd0a88501333edd640d95f0d2700fbde6bff20b3d4d9bdc521bdd31af0656b5706570d6c6afe532045a20bb8dc0849f8332d6f2a416e0ba6d3d3b98806c7db68
  languageName: node
  linkType: hard

"once@npm:~1.3.0":
  version: 1.3.3
  resolution: "once@npm:1.3.3"
  dependencies:
    wrappy: 1
  checksum: 8e832de08b1d73b470e01690c211cb4fcefccab1fd1bd19e706d572d74d3e9b7e38a8bfcdabdd364f9f868757d9e8e5812a59817dc473eaf698ff3bfae2219f2
  languageName: node
  linkType: hard

"optionator@npm:^0.8.1":
  version: 0.8.3
  resolution: "optionator@npm:0.8.3"
  dependencies:
    deep-is: ~0.1.3
    fast-levenshtein: ~2.0.6
    levn: ~0.3.0
    prelude-ls: ~1.1.2
    type-check: ~0.3.2
    word-wrap: ~1.2.3
  checksum: b8695ddf3d593203e25ab0900e265d860038486c943ff8b774f596a310f8ceebdb30c6832407a8198ba3ec9debe1abe1f51d4aad94843612db3b76d690c61d34
  languageName: node
  linkType: hard

"path-parse@npm:^1.0.6":
  version: 1.0.6
  resolution: "path-parse@npm:1.0.6"
  checksum: 962a85dd384d68d469ec5ba4010df8f8f9b7e936ce603bbe3211476c5615feb3c2b1ca61211a78445fadc833f0b1a86ea6484c861035ec4ac93011ba9aff9a11
  languageName: node
  linkType: hard

"prelude-ls@npm:~1.1.2":
  version: 1.1.2
  resolution: "prelude-ls@npm:1.1.2"
  checksum: c4867c87488e4a0c233e158e4d0d5565b609b105d75e4c05dc760840475f06b731332eb93cc8c9cecb840aa8ec323ca3c9a56ad7820ad2e63f0261dadcb154e4
  languageName: node
  linkType: hard

"process-nextick-args@npm:~2.0.0":
  version: 2.0.1
  resolution: "process-nextick-args@npm:2.0.1"
  checksum: 1d38588e520dab7cea67cbbe2efdd86a10cc7a074c09657635e34f035277b59fbb57d09d8638346bf7090f8e8ebc070c96fa5fd183b777fff4f5edff5e9466cf
  languageName: node
  linkType: hard

"readable-stream@npm:>=1.0.33-1 <1.1.0-0":
  version: 1.0.34
  resolution: "readable-stream@npm:1.0.34"
  dependencies:
    core-util-is: ~1.0.0
    inherits: ~2.0.1
    isarray: 0.0.1
    string_decoder: ~0.10.x
  checksum: 85042c537e4f067daa1448a7e257a201070bfec3dd2706abdbd8ebc7f3418eb4d3ed4b8e5af63e2544d69f88ab09c28d5da3c0b77dc76185fddd189a59863b60
  languageName: node
  linkType: hard

"readable-stream@npm:^2.0.0, readable-stream@npm:^2.2.2, readable-stream@npm:^2.3.5, readable-stream@npm:~2.3.6":
  version: 2.3.7
  resolution: "readable-stream@npm:2.3.7"
  dependencies:
    core-util-is: ~1.0.0
    inherits: ~2.0.3
    isarray: ~1.0.0
    process-nextick-args: ~2.0.0
    safe-buffer: ~5.1.1
    string_decoder: ~1.1.1
    util-deprecate: ~1.0.1
  checksum: e4920cf7549a60f8aaf694d483a0e61b2a878b969d224f89b3bc788b8d920075132c4b55a7494ee944c7b6a9a0eada28a7f6220d80b0312ece70bbf08eeca755
  languageName: node
  linkType: hard

"resolve@npm:^0.6.1":
  version: 0.6.3
  resolution: "resolve@npm:0.6.3"
  checksum: c3b5d34ba79635ffe380eb0e428e0b49259734ad2c86945c6b3238155b0753d8bcf858c6b99966b3fdb536062f6e204675e4542269f065e34210bb3a6f602f9d
  languageName: node
  linkType: hard

"resolve@npm:^1.0.0, resolve@npm:^1.1.5":
  version: 1.20.0
  resolution: "resolve@npm:1.20.0"
  dependencies:
    is-core-module: ^2.2.0
    path-parse: ^1.0.6
  checksum: 40cf70b2cde00ef57f99daf2dc63c6a56d6c14a1b7fc51735d06a6f0a3b97cb67b4fb7ef6c747b4e13a7baba83b0ef625d7c4ce92a483cd5af923c3b65fd16fe
  languageName: node
  linkType: hard

"resolve@patch:resolve@^0.6.1#~builtin<compat/resolve>":
  version: 0.6.3
  resolution: "resolve@patch:resolve@npm%3A0.6.3#~builtin<compat/resolve>::version=0.6.3&hash=07638b"
  checksum: fbdc248b89f655da8ff1509c000027702455d36e99943307d6e939bbef8b6f2bf67f82aa82ceb968f121febea128dd9b3e544fc6497c105204b1633bee1efad9
  languageName: node
  linkType: hard

"resolve@patch:resolve@^1.0.0#~builtin<compat/resolve>, resolve@patch:resolve@^1.1.5#~builtin<compat/resolve>":
  version: 1.20.0
  resolution: "resolve@patch:resolve@npm%3A1.20.0#~builtin<compat/resolve>::version=1.20.0&hash=07638b"
  dependencies:
    is-core-module: ^2.2.0
    path-parse: ^1.0.6
  checksum: a0dd7d16a8e47af23afa9386df2dff10e3e0debb2c7299a42e581d9d9b04d7ad5d2c53f24f1e043f7b3c250cbdc71150063e53d0b6559683d37f790b7c8c3cd5
  languageName: node
  linkType: hard

"safe-buffer@npm:^5.1.1":
  version: 5.2.1
  resolution: "safe-buffer@npm:5.2.1"
  checksum: b99c4b41fdd67a6aaf280fcd05e9ffb0813654894223afb78a31f14a19ad220bba8aba1cb14eddce1fcfb037155fe6de4e861784eb434f7d11ed58d1e70dd491
  languageName: node
  linkType: hard

"safe-buffer@npm:~5.1.0, safe-buffer@npm:~5.1.1":
  version: 5.1.2
  resolution: "safe-buffer@npm:5.1.2"
  checksum: f2f1f7943ca44a594893a852894055cf619c1fbcb611237fc39e461ae751187e7baf4dc391a72125e0ac4fb2d8c5c0b3c71529622e6a58f46b960211e704903c
  languageName: node
  linkType: hard

"shallow-copy@npm:0.0.1":
  version: 0.0.1
  resolution: "shallow-copy@npm:0.0.1"
  checksum: 2d249a5a57a160b439d84fbf9ed7c0a107a3d656d1bda0b73edf9476c6e6ea9d2afa79829bf33fce6677fae35b15c14e5c28f9902dc4d07a302637a225d00634
  languageName: node
  linkType: hard

"source-map@npm:~0.6.1":
  version: 0.6.1
  resolution: "source-map@npm:0.6.1"
  checksum: 59ce8640cf3f3124f64ac289012c2b8bd377c238e316fb323ea22fbfe83da07d81e000071d7242cad7a23cd91c7de98e4df8830ec3f133cb6133a5f6e9f67bc2
  languageName: node
  linkType: hard

"stack-trace@npm:0.0.9":
  version: 0.0.9
  resolution: "stack-trace@npm:0.0.9"
  checksum: 5b1ff9708eaeae2518f70ea10027aa608892faedfd95d3c92b0e3b14cf49b013da22421a32b5bbe29ae711436e53fdf966793cf58a4bd0ad20a71859d27a894f
  languageName: node
  linkType: hard

"static-eval@npm:^2.0.5":
  version: 2.1.0
  resolution: "static-eval@npm:2.1.0"
  dependencies:
    escodegen: ^1.11.1
  checksum: 21297ee9af37cd23ef92b3a4b1fd535073539b870d2bb83a4b92f6b668183f7fb552d3c791bbdcd460c62583a2c33d46e5d56e86a7f5851b65b29e19e5d28b41
  languageName: node
  linkType: hard

"stream-shift@npm:^1.0.0":
  version: 1.0.1
  resolution: "stream-shift@npm:1.0.1"
  checksum: 59b82b44b29ec3699b5519a49b3cedcc6db58c72fb40c04e005525dfdcab1c75c4e0c180b923c380f204bed78211b9bad8faecc7b93dece4d004c3f6ec75737b
  languageName: node
  linkType: hard

"string_decoder@npm:~0.10.x":
  version: 0.10.31
  resolution: "string_decoder@npm:0.10.31"
  checksum: fe00f8e303647e5db919948ccb5ce0da7dea209ab54702894dd0c664edd98e5d4df4b80d6fabf7b9e92b237359d21136c95bf068b2f7760b772ca974ba970202
  languageName: node
  linkType: hard

"string_decoder@npm:~1.1.1":
  version: 1.1.1
  resolution: "string_decoder@npm:1.1.1"
  dependencies:
    safe-buffer: ~5.1.0
  checksum: 9ab7e56f9d60a28f2be697419917c50cac19f3e8e6c28ef26ed5f4852289fe0de5d6997d29becf59028556f2c62983790c1d9ba1e2a3cc401768ca12d5183a5b
  languageName: node
  linkType: hard

"through2@npm:^0.6.3":
  version: 0.6.5
  resolution: "through2@npm:0.6.5"
  dependencies:
    readable-stream: ">=1.0.33-1 <1.1.0-0"
    xtend: ">=4.0.0 <4.1.0-0"
  checksum: dfea228e3134a33219a588448847250897a9994a687807dab52f850fac8b4eb1dc18e3b2c1d3d60dd0d78eb492d2032fdf814ac6576ba5b8d5ba0dade29a3544
  languageName: node
  linkType: hard

"through2@npm:^2.0.1":
  version: 2.0.5
  resolution: "through2@npm:2.0.5"
  dependencies:
    readable-stream: ~2.3.6
    xtend: ~4.0.1
  checksum: beb0f338aa2931e5660ec7bf3ad949e6d2e068c31f4737b9525e5201b824ac40cac6a337224856b56bd1ddd866334bbfb92a9f57cd6f66bc3f18d3d86fc0fe50
  languageName: node
  linkType: hard

"type-check@npm:~0.3.2":
  version: 0.3.2
  resolution: "type-check@npm:0.3.2"
  dependencies:
    prelude-ls: ~1.1.2
  checksum: dd3b1495642731bc0e1fc40abe5e977e0263005551ac83342ecb6f4f89551d106b368ec32ad3fb2da19b3bd7b2d1f64330da2ea9176d8ddbfe389fb286eb5124
  languageName: node
  linkType: hard

"typedarray@npm:^0.0.6":
  version: 0.0.6
  resolution: "typedarray@npm:0.0.6"
  checksum: 33b39f3d0e8463985eeaeeacc3cb2e28bc3dfaf2a5ed219628c0b629d5d7b810b0eb2165f9f607c34871d5daa92ba1dc69f49051cf7d578b4cbd26c340b9d1b1
  languageName: node
  linkType: hard

"util-deprecate@npm:~1.0.1":
  version: 1.0.2
  resolution: "util-deprecate@npm:1.0.2"
  checksum: 474acf1146cb2701fe3b074892217553dfcf9a031280919ba1b8d651a068c9b15d863b7303cb15bd00a862b498e6cf4ad7b4a08fb134edd5a6f7641681cb54a2
  languageName: node
  linkType: hard

"word-wrap@npm:~1.2.3":
  version: 1.2.3
  resolution: "word-wrap@npm:1.2.3"
  checksum: 30b48f91fcf12106ed3186ae4fa86a6a1842416df425be7b60485de14bec665a54a68e4b5156647dec3a70f25e84d270ca8bc8cd23182ed095f5c7206a938c1f
  languageName: node
  linkType: hard

"wrappy@npm:1":
  version: 1.0.2
  resolution: "wrappy@npm:1.0.2"
  checksum: 159da4805f7e84a3d003d8841557196034155008f817172d4e986bd591f74aa82aa7db55929a54222309e01079a65a92a9e6414da5a6aa4b01ee44a511ac3ee5
  languageName: node
  linkType: hard

"xtend@npm:>=4.0.0 <4.1.0-0, xtend@npm:^4.0.0, xtend@npm:~4.0.1":
  version: 4.0.2
  resolution: "xtend@npm:4.0.2"
  checksum: ac5dfa738b21f6e7f0dd6e65e1b3155036d68104e67e5d5d1bde74892e327d7e5636a076f625599dc394330a731861e87343ff184b0047fef1360a7ec0a5a36a
  languageName: node
  linkType: hard

"xtend@npm:^2.1.2":
  version: 2.2.0
  resolution: "xtend@npm:2.2.0"
  checksum: 9fcd1ddabefdb3c68a698b08177525ad14a6df3423b13bad9a53900d19374e476a43c219b0756d39675776b2326a35fe477c547cfb8a05ae9fea4ba2235bebe2
  languageName: node
  linkType: hard
